
Microsoft Visual Studio Solution File, Format Version 11.00
# Visual Studio 2010
Project("{FAE04EC0-301F-11D3-BF4B-00C04F79EFBC}") = "Wolfenstein3DClone", "Assembly-CSharp.csproj", "{259143AA-7F64-B5E3-5086-0CD6590018BF}"
EndProject
Global
	GlobalSection(SolutionConfigurationPlatforms) = preSolution
		Debug|Any CPU = Debug|Any CPU
		Release|Any CPU = Release|Any CPU
	EndGlobalSection
	GlobalSection(ProjectConfigurationPlatforms) = postSolution
		{259143AA-7F64-B5E3-5086-0CD6590018BF}.Debug|Any CPU.ActiveCfg = Debug|Any CPU
		{259143AA-7F64-B5E3-5086-0CD6590018BF}.Debug|Any CPU.Build.0 = Debug|Any CPU
		{259143AA-7F64-B5E3-5086-0CD6590018BF}.Release|Any CPU.ActiveCfg = Release|Any CPU
		{259143AA-7F64-B5E3-5086-0CD6590018BF}.Release|Any CPU.Build.0 = Release|Any CPU
	EndGlobalSection
	GlobalSection(SolutionProperties) = preSolution
		HideSolutionNode = FALSE
	EndGlobalSection
	GlobalSection(MonoDevelopProperties) = preSolution
		StartupItem = Assembly-CSharp.csproj
	EndGlobalSection
EndGlobal
